
Microsoft Visual Studio Solution File, Format Version 12.00
# Visual Studio 14
VisualStudioVersion = 14.0.25420.1
MinimumVisualStudioVersion = 10.0.40219.1
Project("{FAE04EC0-301F-11D3-BF4B-00C04F79EFBC}") = "StackAndQueueEx", "StackAndQueue\StackAndQueueEx.csproj", "{616AC70E-5579-485E-B967-62EFA9F0BF75}"
EndProject
Project("{FAE04EC0-301F-11D3-BF4B-00C04F79EFBC}") = "SetAndDictionaries", "SetAndDictionaries\SetAndDictionaries.csproj", "{5B514EF5-4A3F-4649-ADAD-79DB9943555F}"
EndProject
Project("{FAE04EC0-301F-11D3-BF4B-00C04F79EFBC}") = "StringEx", "StringEx\StringEx.csproj", "{AF046AF8-474F-4D52-9885-B7399DA817A5}"
EndProject
Project("{FAE04EC0-301F-11D3-BF4B-00C04F79EFBC}") = "StackAndQueueLab", "StackAndQueueLab\StackAndQueueLab.csproj", "{0C9E044E-9CB1-49E3-B3C3-FE59D8950577}"
EndProject
Project("{FAE04EC0-301F-11D3-BF4B-00C04F79EFBC}") = "SetAndDictionaryLab", "SetAndDictionaryLab\SetAndDictionaryLab.csproj", "{B096C823-EF0C-4C2A-A8CA-3854110757C1}"
EndProject
Project("{FAE04EC0-301F-11D3-BF4B-00C04F79EFBC}") = "WatchPerformance", "WatchPerformance\WatchPerformance.csproj", "{5DA34374-C973-4B73-87E8-939EF7046720}"
EndProject
Project("{FAE04EC0-301F-11D3-BF4B-00C04F79EFBC}") = "RegexEx", "RegexEx\RegexEx.csproj", "{152B78ED-A1DE-43CB-9F9B-CC717E9E2D85}"
EndProject
Project("{FAE04EC0-301F-11D3-BF4B-00C04F79EFBC}") = "MatrixLab", "MatrixLab\MatrixLab.csproj", "{FAEFB10E-5D69-4CBD-93EF-6034B1739D9E}"
EndProject
Project("{FAE04EC0-301F-11D3-BF4B-00C04F79EFBC}") = "MatrixExer", "MatrixExer\MatrixExer.csproj", "{BBA35940-C001-4884-A555-3A7FF335A508}"
EndProject
Project("{FAE04EC0-301F-11D3-BF4B-00C04F79EFBC}") = "RubikMatrix", "RubikMatrix\RubikMatrix.csproj", "{66C7185D-BA8F-4ED7-A4B5-1E105773107C}"
EndProject
Project("{FAE04EC0-301F-11D3-BF4B-00C04F79EFBC}") = "TargetPractise", "TargetPractise\TargetPractise.csproj", "{69776B3B-2F0E-47D2-A024-1D8BDA6B143C}"
EndProject
Project("{FAE04EC0-301F-11D3-BF4B-00C04F79EFBC}") = "LegoBlocks", "LegoBlocks\LegoBlocks.csproj", "{6AAF5614-4D9A-4A1B-9D44-18B09C79D8F8}"
EndProject
Project("{FAE04EC0-301F-11D3-BF4B-00C04F79EFBC}") = "RadioactiveBunnies", "RadioactiveBunnies\RadioactiveBunnies.csproj", "{92F63D14-66FF-4D9A-82CF-DB7791E39A7C}"
EndProject
Project("{FAE04EC0-301F-11D3-BF4B-00C04F79EFBC}") = "Crossfire", "Crossfire\Crossfire.csproj", "{A1677496-1890-4C70-814A-0E5216FA9FAF}"
EndProject
Project("{FAE04EC0-301F-11D3-BF4B-00C04F79EFBC}") = "HaiganDance", "HaiganDance\HaiganDance.csproj", "{32CBBDFC-A236-4F91-9140-1334714DDA32}"
EndProject
Project("{FAE04EC0-301F-11D3-BF4B-00C04F79EFBC}") = "ParkingSystem", "ParkingSystem\ParkingSystem.csproj", "{2ADE3A40-2D90-4B49-B61D-0CE7CA1D736C}"
EndProject
Project("{FAE04EC0-301F-11D3-BF4B-00C04F79EFBC}") = "StringMatrixRotation", "StringMatrixRotation\StringMatrixRotation.csproj", "{7F93731E-55D2-457C-822F-43BFEEF46591}"
EndProject
Project("{FAE04EC0-301F-11D3-BF4B-00C04F79EFBC}") = "StringLab", "StringLab\StringLab.csproj", "{C0851152-1241-4447-9A4E-232FFEC97AAA}"
EndProject
Project("{FAE04EC0-301F-11D3-BF4B-00C04F79EFBC}") = "RegexLab", "RegexLab\RegexLab.csproj", "{CD7B97B3-FC54-49D3-9B9E-50A48767587D}"
EndProject
Project("{FAE04EC0-301F-11D3-BF4B-00C04F79EFBC}") = "FuncProgLab", "FuncProgLab\FuncProgLab.csproj", "{656506AC-0787-4F0B-B545-FE80B319F94B}"
EndProject
Project("{FAE04EC0-301F-11D3-BF4B-00C04F79EFBC}") = "FuncProgEx", "FuncProgEx\FuncProgEx.csproj", "{E9F88A52-0196-4FBB-8DF8-80270B70AF36}"
EndProject
Global
	GlobalSection(SolutionConfigurationPlatforms) = preSolution
		Debug|Any CPU = Debug|Any CPU
		Release|Any CPU = Release|Any CPU
	EndGlobalSection
	GlobalSection(ProjectConfigurationPlatforms) = postSolution
		{616AC70E-5579-485E-B967-62EFA9F0BF75}.Debug|Any CPU.ActiveCfg = Debug|Any CPU
		{616AC70E-5579-485E-B967-62EFA9F0BF75}.Debug|Any CPU.Build.0 = Debug|Any CPU
		{616AC70E-5579-485E-B967-62EFA9F0BF75}.Release|Any CPU.ActiveCfg = Release|Any CPU
		{616AC70E-5579-485E-B967-62EFA9F0BF75}.Release|Any CPU.Build.0 = Release|Any CPU
		{5B514EF5-4A3F-4649-ADAD-79DB9943555F}.Debug|Any CPU.ActiveCfg = Debug|Any CPU
		{5B514EF5-4A3F-4649-ADAD-79DB9943555F}.Debug|Any CPU.Build.0 = Debug|Any CPU
		{5B514EF5-4A3F-4649-ADAD-79DB9943555F}.Release|Any CPU.ActiveCfg = Release|Any CPU
		{5B514EF5-4A3F-4649-ADAD-79DB9943555F}.Release|Any CPU.Build.0 = Release|Any CPU
		{AF046AF8-474F-4D52-9885-B7399DA817A5}.Debug|Any CPU.ActiveCfg = Debug|Any CPU
		{AF046AF8-474F-4D52-9885-B7399DA817A5}.Debug|Any CPU.Build.0 = Debug|Any CPU
		{AF046AF8-474F-4D52-9885-B7399DA817A5}.Release|Any CPU.ActiveCfg = Release|Any CPU
		{AF046AF8-474F-4D52-9885-B7399DA817A5}.Release|Any CPU.Build.0 = Release|Any CPU
		{0C9E044E-9CB1-49E3-B3C3-FE59D8950577}.Debug|Any CPU.ActiveCfg = Debug|Any CPU
		{0C9E044E-9CB1-49E3-B3C3-FE59D8950577}.Debug|Any CPU.Build.0 = Debug|Any CPU
		{0C9E044E-9CB1-49E3-B3C3-FE59D8950577}.Release|Any CPU.ActiveCfg = Release|Any CPU
		{0C9E044E-9CB1-49E3-B3C3-FE59D8950577}.Release|Any CPU.Build.0 = Release|Any CPU
		{B096C823-EF0C-4C2A-A8CA-3854110757C1}.Debug|Any CPU.ActiveCfg = Debug|Any CPU
		{B096C823-EF0C-4C2A-A8CA-3854110757C1}.Debug|Any CPU.Build.0 = Debug|Any CPU
		{B096C823-EF0C-4C2A-A8CA-3854110757C1}.Release|Any CPU.ActiveCfg = Release|Any CPU
		{B096C823-EF0C-4C2A-A8CA-3854110757C1}.Release|Any CPU.Build.0 = Release|Any CPU
		{5DA34374-C973-4B73-87E8-939EF7046720}.Debug|Any CPU.ActiveCfg = Debug|Any CPU
		{5DA34374-C973-4B73-87E8-939EF7046720}.Debug|Any CPU.Build.0 = Debug|Any CPU
		{5DA34374-C973-4B73-87E8-939EF7046720}.Release|Any CPU.ActiveCfg = Release|Any CPU
		{5DA34374-C973-4B73-87E8-939EF7046720}.Release|Any CPU.Build.0 = Release|Any CPU
		{152B78ED-A1DE-43CB-9F9B-CC717E9E2D85}.Debug|Any CPU.ActiveCfg = Debug|Any CPU
		{152B78ED-A1DE-43CB-9F9B-CC717E9E2D85}.Debug|Any CPU.Build.0 = Debug|Any CPU
		{152B78ED-A1DE-43CB-9F9B-CC717E9E2D85}.Release|Any CPU.ActiveCfg = Release|Any CPU
		{152B78ED-A1DE-43CB-9F9B-CC717E9E2D85}.Release|Any CPU.Build.0 = Release|Any CPU
		{FAEFB10E-5D69-4CBD-93EF-6034B1739D9E}.Debug|Any CPU.ActiveCfg = Debug|Any CPU
		{FAEFB10E-5D69-4CBD-93EF-6034B1739D9E}.Debug|Any CPU.Build.0 = Debug|Any CPU
		{FAEFB10E-5D69-4CBD-93EF-6034B1739D9E}.Release|Any CPU.ActiveCfg = Release|Any CPU
		{FAEFB10E-5D69-4CBD-93EF-6034B1739D9E}.Release|Any CPU.Build.0 = Release|Any CPU
		{BBA35940-C001-4884-A555-3A7FF335A508}.Debug|Any CPU.ActiveCfg = Debug|Any CPU
		{BBA35940-C001-4884-A555-3A7FF335A508}.Debug|Any CPU.Build.0 = Debug|Any CPU
		{BBA35940-C001-4884-A555-3A7FF335A508}.Release|Any CPU.ActiveCfg = Release|Any CPU
		{BBA35940-C001-4884-A555-3A7FF335A508}.Release|Any CPU.Build.0 = Release|Any CPU
		{66C7185D-BA8F-4ED7-A4B5-1E105773107C}.Debug|Any CPU.ActiveCfg = Debug|Any CPU
		{66C7185D-BA8F-4ED7-A4B5-1E105773107C}.Debug|Any CPU.Build.0 = Debug|Any CPU
		{66C7185D-BA8F-4ED7-A4B5-1E105773107C}.Release|Any CPU.ActiveCfg = Release|Any CPU
		{66C7185D-BA8F-4ED7-A4B5-1E105773107C}.Release|Any CPU.Build.0 = Release|Any CPU
		{69776B3B-2F0E-47D2-A024-1D8BDA6B143C}.Debug|Any CPU.ActiveCfg = Debug|Any CPU
		{69776B3B-2F0E-47D2-A024-1D8BDA6B143C}.Debug|Any CPU.Build.0 = Debug|Any CPU
		{69776B3B-2F0E-47D2-A024-1D8BDA6B143C}.Release|Any CPU.ActiveCfg = Release|Any CPU
		{69776B3B-2F0E-47D2-A024-1D8BDA6B143C}.Release|Any CPU.Build.0 = Release|Any CPU
		{6AAF5614-4D9A-4A1B-9D44-18B09C79D8F8}.Debug|Any CPU.ActiveCfg = Debug|Any CPU
		{6AAF5614-4D9A-4A1B-9D44-18B09C79D8F8}.Debug|Any CPU.Build.0 = Debug|Any CPU
		{6AAF5614-4D9A-4A1B-9D44-18B09C79D8F8}.Release|Any CPU.ActiveCfg = Release|Any CPU
		{6AAF5614-4D9A-4A1B-9D44-18B09C79D8F8}.Release|Any CPU.Build.0 = Release|Any CPU
		{92F63D14-66FF-4D9A-82CF-DB7791E39A7C}.Debug|Any CPU.ActiveCfg = Debug|Any CPU
		{92F63D14-66FF-4D9A-82CF-DB7791E39A7C}.Debug|Any CPU.Build.0 = Debug|Any CPU
		{92F63D14-66FF-4D9A-82CF-DB7791E39A7C}.Release|Any CPU.ActiveCfg = Release|Any CPU
		{92F63D14-66FF-4D9A-82CF-DB7791E39A7C}.Release|Any CPU.Build.0 = Release|Any CPU
		{A1677496-1890-4C70-814A-0E5216FA9FAF}.Debug|Any CPU.ActiveCfg = Debug|Any CPU
		{A1677496-1890-4C70-814A-0E5216FA9FAF}.Debug|Any CPU.Build.0 = Debug|Any CPU
		{A1677496-1890-4C70-814A-0E5216FA9FAF}.Release|Any CPU.ActiveCfg = Release|Any CPU
		{A1677496-1890-4C70-814A-0E5216FA9FAF}.Release|Any CPU.Build.0 = Release|Any CPU
		{32CBBDFC-A236-4F91-9140-1334714DDA32}.Debug|Any CPU.ActiveCfg = Debug|Any CPU
		{32CBBDFC-A236-4F91-9140-1334714DDA32}.Debug|Any CPU.Build.0 = Debug|Any CPU
		{32CBBDFC-A236-4F91-9140-1334714DDA32}.Release|Any CPU.ActiveCfg = Release|Any CPU
		{32CBBDFC-A236-4F91-9140-1334714DDA32}.Release|Any CPU.Build.0 = Release|Any CPU
		{2ADE3A40-2D90-4B49-B61D-0CE7CA1D736C}.Debug|Any CPU.ActiveCfg = Debug|Any CPU
		{2ADE3A40-2D90-4B49-B61D-0CE7CA1D736C}.Debug|Any CPU.Build.0 = Debug|Any CPU
		{2ADE3A40-2D90-4B49-B61D-0CE7CA1D736C}.Release|Any CPU.ActiveCfg = Release|Any CPU
		{2ADE3A40-2D90-4B49-B61D-0CE7CA1D736C}.Release|Any CPU.Build.0 = Release|Any CPU
		{7F93731E-55D2-457C-822F-43BFEEF46591}.Debug|Any CPU.ActiveCfg = Debug|Any CPU
		{7F93731E-55D2-457C-822F-43BFEEF46591}.Debug|Any CPU.Build.0 = Debug|Any CPU
		{7F93731E-55D2-457C-822F-43BFEEF46591}.Release|Any CPU.ActiveCfg = Release|Any CPU
		{7F93731E-55D2-457C-822F-43BFEEF46591}.Release|Any CPU.Build.0 = Release|Any CPU
		{C0851152-1241-4447-9A4E-232FFEC97AAA}.Debug|Any CPU.ActiveCfg = Debug|Any CPU
		{C0851152-1241-4447-9A4E-232FFEC97AAA}.Debug|Any CPU.Build.0 = Debug|Any CPU
		{C0851152-1241-4447-9A4E-232FFEC97AAA}.Release|Any CPU.ActiveCfg = Release|Any CPU
		{C0851152-1241-4447-9A4E-232FFEC97AAA}.Release|Any CPU.Build.0 = Release|Any CPU
		{CD7B97B3-FC54-49D3-9B9E-50A48767587D}.Debug|Any CPU.ActiveCfg = Debug|Any CPU
		{CD7B97B3-FC54-49D3-9B9E-50A48767587D}.Debug|Any CPU.Build.0 = Debug|Any CPU
		{CD7B97B3-FC54-49D3-9B9E-50A48767587D}.Release|Any CPU.ActiveCfg = Release|Any CPU
		{CD7B97B3-FC54-49D3-9B9E-50A48767587D}.Release|Any CPU.Build.0 = Release|Any CPU
		{656506AC-0787-4F0B-B545-FE80B319F94B}.Debug|Any CPU.ActiveCfg = Debug|Any CPU
		{656506AC-0787-4F0B-B545-FE80B319F94B}.Debug|Any CPU.Build.0 = Debug|Any CPU
		{656506AC-0787-4F0B-B545-FE80B319F94B}.Release|Any CPU.ActiveCfg = Release|Any CPU
		{656506AC-0787-4F0B-B545-FE80B319F94B}.Release|Any CPU.Build.0 = Release|Any CPU
		{E9F88A52-0196-4FBB-8DF8-80270B70AF36}.Debug|Any CPU.ActiveCfg = Debug|Any CPU
		{E9F88A52-0196-4FBB-8DF8-80270B70AF36}.Debug|Any CPU.Build.0 = Debug|Any CPU
		{E9F88A52-0196-4FBB-8DF8-80270B70AF36}.Release|Any CPU.ActiveCfg = Release|Any CPU
		{E9F88A52-0196-4FBB-8DF8-80270B70AF36}.Release|Any CPU.Build.0 = Release|Any CPU
	EndGlobalSection
	GlobalSection(SolutionProperties) = preSolution
		HideSolutionNode = FALSE
	EndGlobalSection
EndGlobal
