
Microsoft Visual Studio Solution File, Format Version 12.00
# Visual Studio 14
VisualStudioVersion = 14.0.25420.1
MinimumVisualStudioVersion = 10.0.40219.1
Project("{FAE04EC0-301F-11D3-BF4B-00C04F79EFBC}") = "StackAndQueueEx", "StackAndQueue\StackAndQueueEx.csproj", "{616AC70E-5579-485E-B967-62EFA9F0BF75}"
EndProject
Project("{FAE04EC0-301F-11D3-BF4B-00C04F79EFBC}") = "SetAndDictionaries", "SetAndDictionaries\SetAndDictionaries.csproj", "{5B514EF5-4A3F-4649-ADAD-79DB9943555F}"
EndProject
Project("{FAE04EC0-301F-11D3-BF4B-00C04F79EFBC}") = "StringEx", "StringEx\StringEx.csproj", "{AF046AF8-474F-4D52-9885-B7399DA817A5}"
EndProject
Project("{FAE04EC0-301F-11D3-BF4B-00C04F79EFBC}") = "StackAndQueueLab", "StackAndQueueLab\StackAndQueueLab.csproj", "{0C9E044E-9CB1-49E3-B3C3-FE59D8950577}"
EndProject
Project("{FAE04EC0-301F-11D3-BF4B-00C04F79EFBC}") = "SetAndDictionaryLab", "SetAndDictionaryLab\SetAndDictionaryLab.csproj", "{B096C823-EF0C-4C2A-A8CA-3854110757C1}"
EndProject
Project("{FAE04EC0-301F-11D3-BF4B-00C04F79EFBC}") = "WatchPerformance", "WatchPerformance\WatchPerformance.csproj", "{5DA34374-C973-4B73-87E8-939EF7046720}"
EndProject
Project("{FAE04EC0-301F-11D3-BF4B-00C04F79EFBC}") = "RegexEx", "RegexEx\RegexEx.csproj", "{152B78ED-A1DE-43CB-9F9B-CC717E9E2D85}"
EndProject
Project("{FAE04EC0-301F-11D3-BF4B-00C04F79EFBC}") = "MatrixLab", "MatrixLab\MatrixLab.csproj", "{FAEFB10E-5D69-4CBD-93EF-6034B1739D9E}"
EndProject
Project("{FAE04EC0-301F-11D3-BF4B-00C04F79EFBC}") = "MatrixExer", "MatrixExer\MatrixExer.csproj", "{BBA35940-C001-4884-A555-3A7FF335A508}"
EndProject
Project("{FAE04EC0-301F-11D3-BF4B-00C04F79EFBC}") = "RubikMatrix", "RubikMatrix\RubikMatrix.csproj", "{66C7185D-BA8F-4ED7-A4B5-1E105773107C}"
EndProject
Project("{FAE04EC0-301F-11D3-BF4B-00C04F79EFBC}") = "TargetPractise", "TargetPractise\TargetPractise.csproj", "{69776B3B-2F0E-47D2-A024-1D8BDA6B143C}"
EndProject
Global
	GlobalSection(SolutionConfigurationPlatforms) = preSolution
		Debug|Any CPU = Debug|Any CPU
		Release|Any CPU = Release|Any CPU
	EndGlobalSection
	GlobalSection(ProjectConfigurationPlatforms) = postSolution
		{616AC70E-5579-485E-B967-62EFA9F0BF75}.Debug|Any CPU.ActiveCfg = Debug|Any CPU
		{616AC70E-5579-485E-B967-62EFA9F0BF75}.Debug|Any CPU.Build.0 = Debug|Any CPU
		{616AC70E-5579-485E-B967-62EFA9F0BF75}.Release|Any CPU.ActiveCfg = Release|Any CPU
		{616AC70E-5579-485E-B967-62EFA9F0BF75}.Release|Any CPU.Build.0 = Release|Any CPU
		{5B514EF5-4A3F-4649-ADAD-79DB9943555F}.Debug|Any CPU.ActiveCfg = Debug|Any CPU
		{5B514EF5-4A3F-4649-ADAD-79DB9943555F}.Debug|Any CPU.Build.0 = Debug|Any CPU
		{5B514EF5-4A3F-4649-ADAD-79DB9943555F}.Release|Any CPU.ActiveCfg = Release|Any CPU
		{5B514EF5-4A3F-4649-ADAD-79DB9943555F}.Release|Any CPU.Build.0 = Release|Any CPU
		{AF046AF8-474F-4D52-9885-B7399DA817A5}.Debug|Any CPU.ActiveCfg = Debug|Any CPU
		{AF046AF8-474F-4D52-9885-B7399DA817A5}.Debug|Any CPU.Build.0 = Debug|Any CPU
		{AF046AF8-474F-4D52-9885-B7399DA817A5}.Release|Any CPU.ActiveCfg = Release|Any CPU
		{AF046AF8-474F-4D52-9885-B7399DA817A5}.Release|Any CPU.Build.0 = Release|Any CPU
		{0C9E044E-9CB1-49E3-B3C3-FE59D8950577}.Debug|Any CPU.ActiveCfg = Debug|Any CPU
		{0C9E044E-9CB1-49E3-B3C3-FE59D8950577}.Debug|Any CPU.Build.0 = Debug|Any CPU
		{0C9E044E-9CB1-49E3-B3C3-FE59D8950577}.Release|Any CPU.ActiveCfg = Release|Any CPU
		{0C9E044E-9CB1-49E3-B3C3-FE59D8950577}.Release|Any CPU.Build.0 = Release|Any CPU
		{B096C823-EF0C-4C2A-A8CA-3854110757C1}.Debug|Any CPU.ActiveCfg = Debug|Any CPU
		{B096C823-EF0C-4C2A-A8CA-3854110757C1}.Debug|Any CPU.Build.0 = Debug|Any CPU
		{B096C823-EF0C-4C2A-A8CA-3854110757C1}.Release|Any CPU.ActiveCfg = Release|Any CPU
		{B096C823-EF0C-4C2A-A8CA-3854110757C1}.Release|Any CPU.Build.0 = Release|Any CPU
		{5DA34374-C973-4B73-87E8-939EF7046720}.Debug|Any CPU.ActiveCfg = Debug|Any CPU
		{5DA34374-C973-4B73-87E8-939EF7046720}.Debug|Any CPU.Build.0 = Debug|Any CPU
		{5DA34374-C973-4B73-87E8-939EF7046720}.Release|Any CPU.ActiveCfg = Release|Any CPU
		{5DA34374-C973-4B73-87E8-939EF7046720}.Release|Any CPU.Build.0 = Release|Any CPU
		{152B78ED-A1DE-43CB-9F9B-CC717E9E2D85}.Debug|Any CPU.ActiveCfg = Debug|Any CPU
		{152B78ED-A1DE-43CB-9F9B-CC717E9E2D85}.Debug|Any CPU.Build.0 = Debug|Any CPU
		{152B78ED-A1DE-43CB-9F9B-CC717E9E2D85}.Release|Any CPU.ActiveCfg = Release|Any CPU
		{152B78ED-A1DE-43CB-9F9B-CC717E9E2D85}.Release|Any CPU.Build.0 = Release|Any CPU
		{FAEFB10E-5D69-4CBD-93EF-6034B1739D9E}.Debug|Any CPU.ActiveCfg = Debug|Any CPU
		{FAEFB10E-5D69-4CBD-93EF-6034B1739D9E}.Debug|Any CPU.Build.0 = Debug|Any CPU
		{FAEFB10E-5D69-4CBD-93EF-6034B1739D9E}.Release|Any CPU.ActiveCfg = Release|Any CPU
		{FAEFB10E-5D69-4CBD-93EF-6034B1739D9E}.Release|Any CPU.Build.0 = Release|Any CPU
		{BBA35940-C001-4884-A555-3A7FF335A508}.Debug|Any CPU.ActiveCfg = Debug|Any CPU
		{BBA35940-C001-4884-A555-3A7FF335A508}.Debug|Any CPU.Build.0 = Debug|Any CPU
		{BBA35940-C001-4884-A555-3A7FF335A508}.Release|Any CPU.ActiveCfg = Release|Any CPU
		{BBA35940-C001-4884-A555-3A7FF335A508}.Release|Any CPU.Build.0 = Release|Any CPU
		{66C7185D-BA8F-4ED7-A4B5-1E105773107C}.Debug|Any CPU.ActiveCfg = Debug|Any CPU
		{66C7185D-BA8F-4ED7-A4B5-1E105773107C}.Debug|Any CPU.Build.0 = Debug|Any CPU
		{66C7185D-BA8F-4ED7-A4B5-1E105773107C}.Release|Any CPU.ActiveCfg = Release|Any CPU
		{66C7185D-BA8F-4ED7-A4B5-1E105773107C}.Release|Any CPU.Build.0 = Release|Any CPU
		{69776B3B-2F0E-47D2-A024-1D8BDA6B143C}.Debug|Any CPU.ActiveCfg = Debug|Any CPU
		{69776B3B-2F0E-47D2-A024-1D8BDA6B143C}.Debug|Any CPU.Build.0 = Debug|Any CPU
		{69776B3B-2F0E-47D2-A024-1D8BDA6B143C}.Release|Any CPU.ActiveCfg = Release|Any CPU
		{69776B3B-2F0E-47D2-A024-1D8BDA6B143C}.Release|Any CPU.Build.0 = Release|Any CPU
	EndGlobalSection
	GlobalSection(SolutionProperties) = preSolution
		HideSolutionNode = FALSE
	EndGlobalSection
EndGlobal
